Microsoft Visual Studio Solution File, Format Version 12.00
# Visual Studio 15
VisualStudioVersion = 15.0.28307.1022
MinimumVisualStudioVersion = 10.0.40219.1
Project("{9A19103F-16F7-4668-BE54-9A1E7A4F7556}") = "AsyncInterceptor", "AsyncInterceptor\AsyncInterceptor.csproj", "{4BE03AEA-0851-4ED7-B9E0-A15CC36BBE30}"
EndProject
Project("{FAE04EC0-301F-11D3-BF4B-00C04F79EFBC}") = "AsyncInterceptor.Tests", "AsyncInterceptor.Tests\AsyncInterceptor.Tests.csproj", "{48E23386-E761-4163-A25A-F6B86789089F}"
EndProject
Global
	GlobalSection(SolutionConfigurationPlatforms) = preSolution
		Debug|Any CPU = Debug|Any CPU
		Release|Any CPU = Release|Any CPU
	EndGlobalSection
	GlobalSection(ProjectConfigurationPlatforms) = postSolution
		{4BE03AEA-0851-4ED7-B9E0-A15CC36BBE30}.Debug|Any CPU.ActiveCfg = Debug|Any CPU
		{4BE03AEA-0851-4ED7-B9E0-A15CC36BBE30}.Debug|Any CPU.Build.0 = Debug|Any CPU
		{4BE03AEA-0851-4ED7-B9E0-A15CC36BBE30}.Release|Any CPU.ActiveCfg = Release|Any CPU
		{4BE03AEA-0851-4ED7-B9E0-A15CC36BBE30}.Release|Any CPU.Build.0 = Release|Any CPU
		{48E23386-E761-4163-A25A-F6B86789089F}.Debug|Any CPU.ActiveCfg = Debug|Any CPU
		{48E23386-E761-4163-A25A-F6B86789089F}.Debug|Any CPU.Build.0 = Debug|Any CPU
		{48E23386-E761-4163-A25A-F6B86789089F}.Release|Any CPU.ActiveCfg = Release|Any CPU
		{48E23386-E761-4163-A25A-F6B86789089F}.Release|Any CPU.Build.0 = Release|Any CPU
	EndGlobalSection
	GlobalSection(SolutionProperties) = preSolution
		HideSolutionNode = FALSE
	EndGlobalSection
	GlobalSection(ExtensibilityGlobals) = postSolution
		SolutionGuid = {EABAA2B4-7D82-43C7-BE02-CEE698EC418D}
	EndGlobalSection
EndGlobal
